
Microsoft Visual Studio Solution File, Format Version 12.00
# Visual Studio 2012
Project("{FAE04EC0-301F-11D3-BF4B-00C04F79EFBC}") = "TitanDesktop", "TitanDesktop\TitanDesktop.csproj", "{3214147F-1F54-4C35-B729-EF76B6F705C5}"
EndProject
Global
	GlobalSection(SolutionConfigurationPlatforms) = preSolution
		Debug|Any CPU = Debug|Any CPU
		Release|Any CPU = Release|Any CPU
	EndGlobalSection
	GlobalSection(ProjectConfigurationPlatforms) = postSolution
		{3214147F-1F54-4C35-B729-EF76B6F705C5}.Debug|Any CPU.ActiveCfg = Debug|Any CPU
		{3214147F-1F54-4C35-B729-EF76B6F705C5}.Debug|Any CPU.Build.0 = Debug|Any CPU
		{3214147F-1F54-4C35-B729-EF76B6F705C5}.Release|Any CPU.ActiveCfg = Release|Any CPU
		{3214147F-1F54-4C35-B729-EF76B6F705C5}.Release|Any CPU.Build.0 = Release|Any CPU
	EndGlobalSection
	GlobalSection(SolutionProperties) = preSolution
		HideSolutionNode = FALSE
	EndGlobalSection
EndGlobal
